
Microsoft Visual Studio Solution File, Format Version 12.00
# Visual Studio Version 16
VisualStudioVersion = 25.0.1705.4
MinimumVisualStudioVersion = 10.0.40219.1
Project("{FAE04EC0-301F-11D3-BF4B-00C04F79EFBC}") = "Products_Console_w_Display", "Products_Console_w_Display.csproj", "{DA39F2E2-5C2D-4B4F-8704-F2A530D8EB1E}"
EndProject
Global
	GlobalSection(SolutionConfigurationPlatforms) = preSolution
		Debug|Any CPU = Debug|Any CPU
		Release|Any CPU = Release|Any CPU
	EndGlobalSection
	GlobalSection(ProjectConfigurationPlatforms) = postSolution
		{DA39F2E2-5C2D-4B4F-8704-F2A530D8EB1E}.Debug|Any CPU.ActiveCfg = Debug|Any CPU
		{DA39F2E2-5C2D-4B4F-8704-F2A530D8EB1E}.Debug|Any CPU.Build.0 = Debug|Any CPU
		{DA39F2E2-5C2D-4B4F-8704-F2A530D8EB1E}.Release|Any CPU.ActiveCfg = Release|Any CPU
		{DA39F2E2-5C2D-4B4F-8704-F2A530D8EB1E}.Release|Any CPU.Build.0 = Release|Any CPU
	EndGlobalSection
	GlobalSection(SolutionProperties) = preSolution
		HideSolutionNode = FALSE
	EndGlobalSection
	GlobalSection(ExtensibilityGlobals) = postSolution
		SolutionGuid = {DD54B740-B62B-4D60-ACAF-0988273AB9F3}
	EndGlobalSection
EndGlobal
